<Solution>
  <Folder Name="/01/">
    <Project Path="IsNumberOddOrNot/IsNumberOddOrNot.csproj" Id="6beaa58d-c7ea-443d-905d-e1ec422f03d9" />
  </Folder>
  <Folder Name="/02/">
    <Project Path="TheGreathestNumber/TheGreathestNumber.csproj" Id="ee9e090e-b25c-4e6f-8cb8-eea45b0e06b9" />
  </Folder>
  <Folder Name="/03/">
    <Project Path="SortNumbers/SortNumbers.csproj" Id="13955c4a-62c0-4a81-8991-4d3619c7c9db" />
  </Folder>
  <Folder Name="/04/">
    <Project Path="NumberIsAMultipleOfAnother/NumberIsAMultipleOfAnother.csproj" Id="014f7dbf-7526-4689-a078-0eae76c244c3" />
  </Folder>
  <Folder Name="/05/">
    <Project Path="LeapYear/LeapYear.csproj" Id="caa98d7b-32b0-4028-9a2a-902ea1ebdc5e" />
  </Folder>
  <Folder Name="/06/">
    <Project Path="SimplePayroll/SimplePayroll.csproj" Id="fe734b1f-34f6-4459-baf8-a0a45f31d5bc" />
  </Folder>
  <Folder Name="/07/">
    <Project Path="Discount/Discount.csproj" Id="2df52b89-8e61-4002-b4d3-cc5e06149e18" />
  </Folder>
  <Folder Name="/08/">
    <Project Path="RegistrationFee/RegistrationFee.csproj" Id="23b7a3fb-1e6a-4af4-a7b2-f7fa08c31280" />
  </Folder>
  <Folder Name="/12/">
    <Project Path="sumAndAverage/sumAndAverage.csproj" Id="79b28cf7-3fcf-4938-9ebb-3a876b0082a0" />
  </Folder>
  <Folder Name="/13/">
    <Project Path="Factorial/Factorial.csproj" Id="4becc45c-36d5-40da-92bf-2deb1a271149" />
  </Folder>
  <Folder Name="/share/">
    <Project Path="Shared/Shared.csproj" Id="044208b6-f6c1-4a4d-8caa-0ddd6f7de39b" />
  </Folder>
</Solution>
